
Microsoft Visual Studio Solution File, Format Version 12.00
# Visual Studio Version 16
VisualStudioVersion = 16.0.31515.178
MinimumVisualStudioVersion = 10.0.40219.1
Project("{FAE04EC0-301F-11D3-BF4B-00C04F79EFBC}") = "PlantWatering", "PlantWatering\PlantWatering.csproj", "{ADD99384-CD28-4521-961D-056A70FB2AC0}"
EndProject
Global
	GlobalSection(SolutionConfigurationPlatforms) = preSolution
		Debug|Any CPU = Debug|Any CPU
		Release|Any CPU = Release|Any CPU
	EndGlobalSection
	GlobalSection(ProjectConfigurationPlatforms) = postSolution
		{ADD99384-CD28-4521-961D-056A70FB2AC0}.Debug|Any CPU.ActiveCfg = Debug|Any CPU
		{ADD99384-CD28-4521-961D-056A70FB2AC0}.Debug|Any CPU.Build.0 = Debug|Any CPU
		{ADD99384-CD28-4521-961D-056A70FB2AC0}.Release|Any CPU.ActiveCfg = Release|Any CPU
		{ADD99384-CD28-4521-961D-056A70FB2AC0}.Release|Any CPU.Build.0 = Release|Any CPU
	EndGlobalSection
	GlobalSection(SolutionProperties) = preSolution
		HideSolutionNode = FALSE
	EndGlobalSection
	GlobalSection(ExtensibilityGlobals) = postSolution
		SolutionGuid = {035F8DB0-1AEC-40EA-8F3E-CB6E19E27FA5}
	EndGlobalSection
EndGlobal
